
Microsoft Visual Studio Solution File, Format Version 12.00
# Visual Studio Version 16
VisualStudioVersion = 16.0.29509.3
MinimumVisualStudioVersion = 10.0.40219.1
Project("{9092AA53-FB77-4645-B42D-1CCCA6BD08BD}") = "ERS", "ERS\ERS.njsproj", "{1A4BE578-F4CE-45C4-8C4F-008A67E9FB9B}"
EndProject
Global
	GlobalSection(SolutionConfigurationPlatforms) = preSolution
		Debug|Any CPU = Debug|Any CPU
		Release|Any CPU = Release|Any CPU
	EndGlobalSection
	GlobalSection(ProjectConfigurationPlatforms) = postSolution
		{1A4BE578-F4CE-45C4-8C4F-008A67E9FB9B}.Debug|Any CPU.ActiveCfg = Debug|Any CPU
		{1A4BE578-F4CE-45C4-8C4F-008A67E9FB9B}.Debug|Any CPU.Build.0 = Debug|Any CPU
		{1A4BE578-F4CE-45C4-8C4F-008A67E9FB9B}.Release|Any CPU.ActiveCfg = Release|Any CPU
		{1A4BE578-F4CE-45C4-8C4F-008A67E9FB9B}.Release|Any CPU.Build.0 = Release|Any CPU
	EndGlobalSection
	GlobalSection(SolutionProperties) = preSolution
		HideSolutionNode = FALSE
	EndGlobalSection
	GlobalSection(ExtensibilityGlobals) = postSolution
		SolutionGuid = {0F84CAE7-4526-4EEA-A76C-DDE27AF22B5B}
	EndGlobalSection
EndGlobal
